
Microsoft Visual Studio Solution File, Format Version 12.00
# Visual Studio Version 17
VisualStudioVersion = 17.6.33815.320
MinimumVisualStudioVersion = 10.0.40219.1
Project("{9A19103F-16F7-4668-BE54-9A1E7A4F7556}") = "Quiik.ABS.Web", "Quiik.ABS.Web\Quiik.ABS.Web.csproj", "{B3F9E8CA-65E4-4A23-BCD1-03338613A249}"
EndProject
Project("{9A19103F-16F7-4668-BE54-9A1E7A4F7556}") = "Quiik.ABS.Tests", "Quiik.ABS.Tests\Quiik.ABS.Tests.csproj", "{8DD4E8C2-6F78-41C8-BCDC-31A99DC40942}"
EndProject
Project("{2150E333-8FDC-42A3-9474-1A3956D46DE8}") = "0. Common", "0. Common", "{E728FD2E-59FE-4A99-B5D1-A70EB8ACE72A}"
EndProject
Project("{2150E333-8FDC-42A3-9474-1A3956D46DE8}") = "1. Domain", "1. Domain", "{7BB5542A-1243-41C6-BB8C-DA6A1C7481AC}"
EndProject
Project("{2150E333-8FDC-42A3-9474-1A3956D46DE8}") = "2. Infras", "2. Infras", "{C07F9DA0-5805-4DA0-A579-C00B57787931}"
EndProject
Project("{2150E333-8FDC-42A3-9474-1A3956D46DE8}") = "3. Application", "3. Application", "{BCE9D549-D0C2-446C-B021-CDFD32BD9643}"
EndProject
Project("{2150E333-8FDC-42A3-9474-1A3956D46DE8}") = "4. Presentation", "4. Presentation", "{E72D6BDA-B6C9-411C-8EAD-32E884E070A3}"
EndProject
Project("{9A19103F-16F7-4668-BE54-9A1E7A4F7556}") = "Quiik.ABS.Common", "Quiik.ABS.Common\Quiik.ABS.Common.csproj", "{88ED6BBB-CF5A-45F1-BE46-4919CD171908}"
EndProject
Project("{9A19103F-16F7-4668-BE54-9A1E7A4F7556}") = "Quiik.ABS.Customer.Domain", "Quiik.ABS.Customer.Domain\Quiik.ABS.Customer.Domain.csproj", "{ACA92001-5707-4D2C-866E-801C2D690995}"
EndProject
Project("{9A19103F-16F7-4668-BE54-9A1E7A4F7556}") = "Quiik.ABS.Customer.Infrastructure", "Quiik.ABS.Customer.Infrastructure\Quiik.ABS.Customer.Infrastructure.csproj", "{639036F0-8E46-4C55-8667-5E69ACB66682}"
EndProject
Project("{9A19103F-16F7-4668-BE54-9A1E7A4F7556}") = "Quiik.ABS.Appointment.Infrastructure", "Quiik.ABS.Appointment.Infrastructure\Quiik.ABS.Appointment.Infrastructure.csproj", "{96FDA478-EE53-4A61-B2FF-A1052D9946D1}"
EndProject
Project("{9A19103F-16F7-4668-BE54-9A1E7A4F7556}") = "Quiik.ABS.Customer", "Quiik.ABS.Customer\Quiik.ABS.Customer.csproj", "{7B06CBFD-C140-45B1-BEF4-ADF6A33BD9EE}"
EndProject
Project("{9A19103F-16F7-4668-BE54-9A1E7A4F7556}") = "Quiik.ABS.Appointment", "Quiik.ABS.Appointment\Quiik.ABS.Appointment.csproj", "{E4FC0E96-3021-449E-A3C9-AD49D4B2CB2B}"
EndProject
Project("{2150E333-8FDC-42A3-9474-1A3956D46DE8}") = "Services", "Services", "{3474EBD3-90D8-4BE7-85B3-9A186FEA8DFC}"
EndProject
Project("{9A19103F-16F7-4668-BE54-9A1E7A4F7556}") = "Quiik.ABS.Customer.Application", "Quiik.ABS.Customer.Application\Quiik.ABS.Customer.Application.csproj", "{F0AFE370-2664-41F9-8EAC-669FCBFA4575}"
EndProject
Project("{9A19103F-16F7-4668-BE54-9A1E7A4F7556}") = "Quiik.ABS.Appointment.Application", "Quiik.ABS.Appointment.Application\Quiik.ABS.Appointment.Application.csproj", "{6959BCC8-5EA4-4204-9039-C28218CBA9D5}"
EndProject
Project("{9A19103F-16F7-4668-BE54-9A1E7A4F7556}") = "Quiik.ABS.Gateway", "Quiik.ABS.Gateway\Quiik.ABS.Gateway.csproj", "{2A112D84-09D2-4635-962D-61A07ECD8439}"
EndProject
Project("{E53339B2-1760-4266-BCC7-CA923CBCF16C}") = "docker-compose", "docker-compose.dcproj", "{30ED4BA2-CC1A-41C5-8324-A8016507B2A4}"
EndProject
Project("{9A19103F-16F7-4668-BE54-9A1E7A4F7556}") = "Quiik.ABS.Appointment.Domain", "Quiik.ABS.Appointment.Domain\Quiik.ABS.Appointment.Domain.csproj", "{6D01637C-9FDA-4912-88F7-24DD4B2DF5B9}"
EndProject
Global
	GlobalSection(SolutionConfigurationPlatforms) = preSolution
		Debug|Any CPU = Debug|Any CPU
		Release|Any CPU = Release|Any CPU
	EndGlobalSection
	GlobalSection(ProjectConfigurationPlatforms) = postSolution
		{B3F9E8CA-65E4-4A23-BCD1-03338613A249}.Debug|Any CPU.ActiveCfg = Debug|Any CPU
		{B3F9E8CA-65E4-4A23-BCD1-03338613A249}.Debug|Any CPU.Build.0 = Debug|Any CPU
		{B3F9E8CA-65E4-4A23-BCD1-03338613A249}.Release|Any CPU.ActiveCfg = Release|Any CPU
		{B3F9E8CA-65E4-4A23-BCD1-03338613A249}.Release|Any CPU.Build.0 = Release|Any CPU
		{8DD4E8C2-6F78-41C8-BCDC-31A99DC40942}.Debug|Any CPU.ActiveCfg = Debug|Any CPU
		{8DD4E8C2-6F78-41C8-BCDC-31A99DC40942}.Debug|Any CPU.Build.0 = Debug|Any CPU
		{8DD4E8C2-6F78-41C8-BCDC-31A99DC40942}.Release|Any CPU.ActiveCfg = Release|Any CPU
		{8DD4E8C2-6F78-41C8-BCDC-31A99DC40942}.Release|Any CPU.Build.0 = Release|Any CPU
		{88ED6BBB-CF5A-45F1-BE46-4919CD171908}.Debug|Any CPU.ActiveCfg = Debug|Any CPU
		{88ED6BBB-CF5A-45F1-BE46-4919CD171908}.Debug|Any CPU.Build.0 = Debug|Any CPU
		{88ED6BBB-CF5A-45F1-BE46-4919CD171908}.Release|Any CPU.ActiveCfg = Release|Any CPU
		{88ED6BBB-CF5A-45F1-BE46-4919CD171908}.Release|Any CPU.Build.0 = Release|Any CPU
		{ACA92001-5707-4D2C-866E-801C2D690995}.Debug|Any CPU.ActiveCfg = Debug|Any CPU
		{ACA92001-5707-4D2C-866E-801C2D690995}.Debug|Any CPU.Build.0 = Debug|Any CPU
		{ACA92001-5707-4D2C-866E-801C2D690995}.Release|Any CPU.ActiveCfg = Release|Any CPU
		{ACA92001-5707-4D2C-866E-801C2D690995}.Release|Any CPU.Build.0 = Release|Any CPU
		{639036F0-8E46-4C55-8667-5E69ACB66682}.Debug|Any CPU.ActiveCfg = Debug|Any CPU
		{639036F0-8E46-4C55-8667-5E69ACB66682}.Debug|Any CPU.Build.0 = Debug|Any CPU
		{639036F0-8E46-4C55-8667-5E69ACB66682}.Release|Any CPU.ActiveCfg = Release|Any CPU
		{639036F0-8E46-4C55-8667-5E69ACB66682}.Release|Any CPU.Build.0 = Release|Any CPU
		{96FDA478-EE53-4A61-B2FF-A1052D9946D1}.Debug|Any CPU.ActiveCfg = Debug|Any CPU
		{96FDA478-EE53-4A61-B2FF-A1052D9946D1}.Debug|Any CPU.Build.0 = Debug|Any CPU
		{96FDA478-EE53-4A61-B2FF-A1052D9946D1}.Release|Any CPU.ActiveCfg = Release|Any CPU
		{96FDA478-EE53-4A61-B2FF-A1052D9946D1}.Release|Any CPU.Build.0 = Release|Any CPU
		{7B06CBFD-C140-45B1-BEF4-ADF6A33BD9EE}.Debug|Any CPU.ActiveCfg = Debug|Any CPU
		{7B06CBFD-C140-45B1-BEF4-ADF6A33BD9EE}.Debug|Any CPU.Build.0 = Debug|Any CPU
		{7B06CBFD-C140-45B1-BEF4-ADF6A33BD9EE}.Release|Any CPU.ActiveCfg = Release|Any CPU
		{7B06CBFD-C140-45B1-BEF4-ADF6A33BD9EE}.Release|Any CPU.Build.0 = Release|Any CPU
		{E4FC0E96-3021-449E-A3C9-AD49D4B2CB2B}.Debug|Any CPU.ActiveCfg = Debug|Any CPU
		{E4FC0E96-3021-449E-A3C9-AD49D4B2CB2B}.Debug|Any CPU.Build.0 = Debug|Any CPU
		{E4FC0E96-3021-449E-A3C9-AD49D4B2CB2B}.Release|Any CPU.ActiveCfg = Release|Any CPU
		{E4FC0E96-3021-449E-A3C9-AD49D4B2CB2B}.Release|Any CPU.Build.0 = Release|Any CPU
		{F0AFE370-2664-41F9-8EAC-669FCBFA4575}.Debug|Any CPU.ActiveCfg = Debug|Any CPU
		{F0AFE370-2664-41F9-8EAC-669FCBFA4575}.Debug|Any CPU.Build.0 = Debug|Any CPU
		{F0AFE370-2664-41F9-8EAC-669FCBFA4575}.Release|Any CPU.ActiveCfg = Release|Any CPU
		{F0AFE370-2664-41F9-8EAC-669FCBFA4575}.Release|Any CPU.Build.0 = Release|Any CPU
		{6959BCC8-5EA4-4204-9039-C28218CBA9D5}.Debug|Any CPU.ActiveCfg = Debug|Any CPU
		{6959BCC8-5EA4-4204-9039-C28218CBA9D5}.Debug|Any CPU.Build.0 = Debug|Any CPU
		{6959BCC8-5EA4-4204-9039-C28218CBA9D5}.Release|Any CPU.ActiveCfg = Release|Any CPU
		{6959BCC8-5EA4-4204-9039-C28218CBA9D5}.Release|Any CPU.Build.0 = Release|Any CPU
		{2A112D84-09D2-4635-962D-61A07ECD8439}.Debug|Any CPU.ActiveCfg = Debug|Any CPU
		{2A112D84-09D2-4635-962D-61A07ECD8439}.Debug|Any CPU.Build.0 = Debug|Any CPU
		{2A112D84-09D2-4635-962D-61A07ECD8439}.Release|Any CPU.ActiveCfg = Release|Any CPU
		{2A112D84-09D2-4635-962D-61A07ECD8439}.Release|Any CPU.Build.0 = Release|Any CPU
		{30ED4BA2-CC1A-41C5-8324-A8016507B2A4}.Debug|Any CPU.ActiveCfg = Debug|Any CPU
		{30ED4BA2-CC1A-41C5-8324-A8016507B2A4}.Debug|Any CPU.Build.0 = Debug|Any CPU
		{30ED4BA2-CC1A-41C5-8324-A8016507B2A4}.Release|Any CPU.ActiveCfg = Release|Any CPU
		{30ED4BA2-CC1A-41C5-8324-A8016507B2A4}.Release|Any CPU.Build.0 = Release|Any CPU
		{6D01637C-9FDA-4912-88F7-24DD4B2DF5B9}.Debug|Any CPU.ActiveCfg = Debug|Any CPU
		{6D01637C-9FDA-4912-88F7-24DD4B2DF5B9}.Debug|Any CPU.Build.0 = Debug|Any CPU
		{6D01637C-9FDA-4912-88F7-24DD4B2DF5B9}.Release|Any CPU.ActiveCfg = Release|Any CPU
		{6D01637C-9FDA-4912-88F7-24DD4B2DF5B9}.Release|Any CPU.Build.0 = Release|Any CPU
	EndGlobalSection
	GlobalSection(SolutionProperties) = preSolution
		HideSolutionNode = FALSE
	EndGlobalSection
	GlobalSection(NestedProjects) = preSolution
		{B3F9E8CA-65E4-4A23-BCD1-03338613A249} = {E72D6BDA-B6C9-411C-8EAD-32E884E070A3}
		{88ED6BBB-CF5A-45F1-BE46-4919CD171908} = {E728FD2E-59FE-4A99-B5D1-A70EB8ACE72A}
		{ACA92001-5707-4D2C-866E-801C2D690995} = {7BB5542A-1243-41C6-BB8C-DA6A1C7481AC}
		{639036F0-8E46-4C55-8667-5E69ACB66682} = {C07F9DA0-5805-4DA0-A579-C00B57787931}
		{96FDA478-EE53-4A61-B2FF-A1052D9946D1} = {C07F9DA0-5805-4DA0-A579-C00B57787931}
		{7B06CBFD-C140-45B1-BEF4-ADF6A33BD9EE} = {3474EBD3-90D8-4BE7-85B3-9A186FEA8DFC}
		{E4FC0E96-3021-449E-A3C9-AD49D4B2CB2B} = {3474EBD3-90D8-4BE7-85B3-9A186FEA8DFC}
		{F0AFE370-2664-41F9-8EAC-669FCBFA4575} = {BCE9D549-D0C2-446C-B021-CDFD32BD9643}
		{6959BCC8-5EA4-4204-9039-C28218CBA9D5} = {BCE9D549-D0C2-446C-B021-CDFD32BD9643}
		{2A112D84-09D2-4635-962D-61A07ECD8439} = {3474EBD3-90D8-4BE7-85B3-9A186FEA8DFC}
		{6D01637C-9FDA-4912-88F7-24DD4B2DF5B9} = {7BB5542A-1243-41C6-BB8C-DA6A1C7481AC}
	EndGlobalSection
	GlobalSection(ExtensibilityGlobals) = postSolution
		SolutionGuid = {3F65095D-2294-4E2E-8112-5493A452AC9B}
	EndGlobalSection
EndGlobal
